PODS:
  - Crashlytics (3.7.0):
    - Fabric (~> 1.6.3)
  - Fabric (1.6.7)
  - XCDYouTubeKit (2.5.2)

DEPENDENCIES:
  - Crashlytics
  - Fabric
  - XCDYouTubeKit

SPEC CHECKSUMS:
  Crashlytics: c3a2333dea9e2733d2777f730910321fc9e25c0d
  Fabric: caf7580c725e64db144f610ac65cd60956911dc7
  XCDYouTubeKit: bb81db52d5539f8f34c4081f344980ef38f4644d

COCOAPODS: 0.39.0
