PODS:
  - MMWormhole (2.0.0):
    - MMWormhole/Core (= 2.0.0)
  - MMWormhole/Core (2.0.0)
  - XCDYouTubeKit (2.8.1)

DEPENDENCIES:
  - MMWormhole
  - XCDYouTubeKit

SPEC REPOS:
  https://github.com/cocoapods/specs.git:
    - MMWormhole
    - XCDYouTubeKit

SPEC CHECKSUMS:
  MMWormhole: 0cd3fd35a9118b2e2d762b499f54eeaace0be791
  XCDYouTubeKit: 4ca4e3322fa556ec1c32932d378365c15ce1386e

PODFILE CHECKSUM: aac9d631f48a6f67fa4e95c178222beadac475b8

COCOAPODS: 1.5.3
