PODS:
  - Crashlytics (3.7.0):
    - Fabric (~> 1.6.3)
  - Fabric (1.6.7)
  - MMWormhole (2.0.0):
    - MMWormhole/Core (= 2.0.0)
  - MMWormhole/Core (2.0.0)
  - XCDYouTubeKit (2.5.2)

DEPENDENCIES:
  - Crashlytics
  - Fabric
  - MMWormhole
  - XCDYouTubeKit

SPEC CHECKSUMS:
  Crashlytics: c3a2333dea9e2733d2777f730910321fc9e25c0d
  Fabric: caf7580c725e64db144f610ac65cd60956911dc7
  MMWormhole: 0cd3fd35a9118b2e2d762b499f54eeaace0be791
  XCDYouTubeKit: bb81db52d5539f8f34c4081f344980ef38f4644d

PODFILE CHECKSUM: c107fc18359f0ff1cb713db29a81098ed27f766d

COCOAPODS: 1.0.1
