// !$*UTF8*$!
{
	archiveVersion = 1;
	classes = {
	};
	objectVersion = 46;
	objects = {

/* Begin PBXBuildFile section */
		17C862E72DD2457D9874CDF8 /* Pods_DownTubeUITests.framework in Frameworks */ = {isa = PBXBuildFile; fileRef = 3509F2F82C4F15C0D150299F /* Pods_DownTubeUITests.framework */; };
		66424C5E1D05357F004C75B6 /* MasterViewController.swift in Sources */ = {isa = PBXBuildFile; fileRef = 66424C5D1D05357F004C75B6 /* MasterViewController.swift */; };
		66424C601D053591004C75B6 /* CoreDataController.swift in Sources */ = {isa = PBXBuildFile; fileRef = 66424C5F1D053591004C75B6 /* CoreDataController.swift */; };
		66424C621D0535B5004C75B6 /* Video.swift in Sources */ = {isa = PBXBuildFile; fileRef = 66424C611D0535B5004C75B6 /* Video.swift */; };
		66424C661D0535C1004C75B6 /* VideoTableViewCell.swift in Sources */ = {isa = PBXBuildFile; fileRef = 66424C651D0535C1004C75B6 /* VideoTableViewCell.swift */; };
		66424C681D053684004C75B6 /* Download.swift in Sources */ = {isa = PBXBuildFile; fileRef = 66424C671D053684004C75B6 /* Download.swift */; };
		664C9C841D091F3C00B4D413 /* Assets.xcassets in Resources */ = {isa = PBXBuildFile; fileRef = 66BF69BC1CFD2AE3004FEFF7 /* Assets.xcassets */; };
		6698ABCB1D0910AF00985368 /* ShareViewController.swift in Sources */ = {isa = PBXBuildFile; fileRef = 6698ABCA1D0910AF00985368 /* ShareViewController.swift */; };
		6698ABCE1D0910AF00985368 /* MainInterface.storyboard in Resources */ = {isa = PBXBuildFile; fileRef = 6698ABCC1D0910AF00985368 /* MainInterface.storyboard */; };
		66BF69B11CFD2AE3004FEFF7 /* AppDelegate.swift in Sources */ = {isa = PBXBuildFile; fileRef = 66BF69B01CFD2AE3004FEFF7 /* AppDelegate.swift */; };
		66BF69B41CFD2AE3004FEFF7 /* DownTube.xcdatamodeld in Sources */ = {isa = PBXBuildFile; fileRef = 66BF69B21CFD2AE3004FEFF7 /* DownTube.xcdatamodeld */; };
		66BF69BB1CFD2AE3004FEFF7 /* Main.storyboard in Resources */ = {isa = PBXBuildFile; fileRef = 66BF69B91CFD2AE3004FEFF7 /* Main.storyboard */; };
		66BF69BD1CFD2AE3004FEFF7 /* Assets.xcassets in Resources */ = {isa = PBXBuildFile; fileRef = 66BF69BC1CFD2AE3004FEFF7 /* Assets.xcassets */; };
		66BF69C01CFD2AE3004FEFF7 /* LaunchScreen.storyboard in Resources */ = {isa = PBXBuildFile; fileRef = 66BF69BE1CFD2AE3004FEFF7 /* LaunchScreen.storyboard */; };
		66BF69CB1CFD2AE3004FEFF7 /* DownTubeUITests.swift in Sources */ = {isa = PBXBuildFile; fileRef = 66BF69CA1CFD2AE3004FEFF7 /* DownTubeUITests.swift */; };
		66C47BB41D10F299004108D9 /* Constants.swift in Sources */ = {isa = PBXBuildFile; fileRef = 66C47BB31D10F299004108D9 /* Constants.swift */; };
		66C47BB51D10F299004108D9 /* Constants.swift in Sources */ = {isa = PBXBuildFile; fileRef = 66C47BB31D10F299004108D9 /* Constants.swift */; };
		66EAF6871D2C84A1003D4BA8 /* Video+CoreDataProperties.swift in Sources */ = {isa = PBXBuildFile; fileRef = 66EAF6861D2C84A1003D4BA8 /* Video+CoreDataProperties.swift */; };
		66EAF6891D2CAE18003D4BA8 /* AppInfoViewController.swift in Sources */ = {isa = PBXBuildFile; fileRef = 66EAF6881D2CAE18003D4BA8 /* AppInfoViewController.swift */; };
		6CB434BE552F0D838383B25C /* Pods_DownTube.framework in Frameworks */ = {isa = PBXBuildFile; fileRef = 03C26A75B9C4CEDE05FE3C95 /* Pods_DownTube.framework */; };
		EC8D68D96EDDA84662915FD5 /* Pods_DownTubeShareExtension.framework in Frameworks */ = {isa = PBXBuildFile; fileRef = B3E0C1B3AB6C1DE6D9799AAE /* Pods_DownTubeShareExtension.framework */; };
		F3E658371D33BA4400D47D31 /* WebViewController.swift in Sources */ = {isa = PBXBuildFile; fileRef = F3E658361D33BA4400D47D31 /* WebViewController.swift */; };
/* End PBXBuildFile section */

/* Begin PBXContainerItemProxy section */
		66BF69C71CFD2AE3004FEFF7 /* PBXContainerItemProxy */ = {
			isa = PBXContainerItemProxy;
			containerPortal = 66BF69A51CFD2AE3004FEFF7 /* Project object */;
			proxyType = 1;
			remoteGlobalIDString = 66BF69AC1CFD2AE3004FEFF7;
			remoteInfo = DownTube;
		};
/* End PBXContainerItemProxy section */

/* Begin PBXFileReference section */
		01657EF2F9699C78B25196C8 /* Pods-DownTubeShareExtension.release.xcconfig */ = {isa = PBXFileReference; includeInIndex = 1; lastKnownFileType = text.xcconfig; name = "Pods-DownTubeShareExtension.release.xcconfig"; path = "Pods/Target Support Files/Pods-DownTubeShareExtension/Pods-DownTubeShareExtension.release.xcconfig"; sourceTree = "<group>"; };
		03C26A75B9C4CEDE05FE3C95 /* Pods_DownTube.framework */ = {isa = PBXFileReference; explicitFileType = wrapper.framework; includeInIndex = 0; path = Pods_DownTube.framework; sourceTree = BUILT_PRODUCTS_DIR; };
		06485A0ABB6976EA997F0521 /* Pods-DownTube.debug.xcconfig */ = {isa = PBXFileReference; includeInIndex = 1; lastKnownFileType = text.xcconfig; name = "Pods-DownTube.debug.xcconfig"; path = "Pods/Target Support Files/Pods-DownTube/Pods-DownTube.debug.xcconfig"; sourceTree = "<group>"; };
		0716CAE4FBFF87D97F7BEE38 /* Pods-DownTubeShareExtension.debug.xcconfig */ = {isa = PBXFileReference; includeInIndex = 1; lastKnownFileType = text.xcconfig; name = "Pods-DownTubeShareExtension.debug.xcconfig"; path = "Pods/Target Support Files/Pods-DownTubeShareExtension/Pods-DownTubeShareExtension.debug.xcconfig"; sourceTree = "<group>"; };
		3509F2F82C4F15C0D150299F /* Pods_DownTubeUITests.framework */ = {isa = PBXFileReference; explicitFileType = wrapper.framework; includeInIndex = 0; path = Pods_DownTubeUITests.framework; sourceTree = BUILT_PRODUCTS_DIR; };
		3A6B45BABAC44A4F8E6AD455 /* Pods-DownTubeUITests.debug.xcconfig */ = {isa = PBXFileReference; includeInIndex = 1; lastKnownFileType = text.xcconfig; name = "Pods-DownTubeUITests.debug.xcconfig"; path = "Pods/Target Support Files/Pods-DownTubeUITests/Pods-DownTubeUITests.debug.xcconfig"; sourceTree = "<group>"; };
		66424C5D1D05357F004C75B6 /* MasterViewController.swift */ = {isa = PBXFileReference; fileEncoding = 4; lastKnownFileType = sourcecode.swift; name = MasterViewController.swift; path = Controllers/MasterViewController.swift; sourceTree = "<group>"; };
		66424C5F1D053591004C75B6 /* CoreDataController.swift */ = {isa = PBXFileReference; fileEncoding = 4; lastKnownFileType = sourcecode.swift; name = CoreDataController.swift; path = Controllers/CoreDataController.swift; sourceTree = "<group>"; };
		66424C611D0535B5004C75B6 /* Video.swift */ = {isa = PBXFileReference; fileEncoding = 4; lastKnownFileType = sourcecode.swift; name = Video.swift; path = Models/Video.swift; sourceTree = "<group>"; };
		66424C651D0535C1004C75B6 /* VideoTableViewCell.swift */ = {isa = PBXFileReference; fileEncoding = 4; lastKnownFileType = sourcecode.swift; name = VideoTableViewCell.swift; path = Views/VideoTableViewCell.swift; sourceTree = "<group>"; };
		66424C671D053684004C75B6 /* Download.swift */ = {isa = PBXFileReference; fileEncoding = 4; lastKnownFileType = sourcecode.swift; name = Download.swift; path = Models/Download.swift; sourceTree = "<group>"; };
		664C9C831D09170900B4D413 /* DownTube.entitlements */ = {isa = PBXFileReference; lastKnownFileType = text.xml; path = DownTube.entitlements; sourceTree = "<group>"; };
		6698ABC81D0910AF00985368 /* DownTubeShareExtension.appex */ = {isa = PBXFileReference; explicitFileType = "wrapper.app-extension"; includeInIndex = 0; path = DownTubeShareExtension.appex; sourceTree = BUILT_PRODUCTS_DIR; };
		6698ABCA1D0910AF00985368 /* ShareViewController.swift */ = {isa = PBXFileReference; lastKnownFileType = sourcecode.swift; path = ShareViewController.swift; sourceTree = "<group>"; };
		6698ABCD1D0910AF00985368 /* Base */ = {isa = PBXFileReference; lastKnownFileType = file.storyboard; name = Base; path = Base.lproj/MainInterface.storyboard; sourceTree = "<group>"; };
		6698ABCF1D0910AF00985368 /* Info.plist */ = {isa = PBXFileReference; lastKnownFileType = text.plist.xml; path = Info.plist; sourceTree = "<group>"; };
		6698ABD71D09168E00985368 /* DownTubeShareExtension.entitlements */ = {isa = PBXFileReference; lastKnownFileType = text.xml; path = DownTubeShareExtension.entitlements; sourceTree = "<group>"; };
		66BF69AD1CFD2AE3004FEFF7 /* DownTube.app */ = {isa = PBXFileReference; explicitFileType = wrapper.application; includeInIndex = 0; path = DownTube.app; sourceTree = BUILT_PRODUCTS_DIR; };
		66BF69B01CFD2AE3004FEFF7 /* AppDelegate.swift */ = {isa = PBXFileReference; lastKnownFileType = sourcecode.swift; path = AppDelegate.swift; sourceTree = "<group>"; };
		66BF69B31CFD2AE3004FEFF7 /* DownTube.xcdatamodel */ = {isa = PBXFileReference; lastKnownFileType = wrapper.xcdatamodel; path = DownTube.xcdatamodel; sourceTree = "<group>"; };
		66BF69BA1CFD2AE3004FEFF7 /* Base */ = {isa = PBXFileReference; lastKnownFileType = file.storyboard; name = Base; path = Base.lproj/Main.storyboard; sourceTree = "<group>"; };
		66BF69BC1CFD2AE3004FEFF7 /* Assets.xcassets */ = {isa = PBXFileReference; lastKnownFileType = folder.assetcatalog; path = Assets.xcassets; sourceTree = "<group>"; };
		66BF69BF1CFD2AE3004FEFF7 /* Base */ = {isa = PBXFileReference; lastKnownFileType = file.storyboard; name = Base; path = Base.lproj/LaunchScreen.storyboard; sourceTree = "<group>"; };
		66BF69C11CFD2AE3004FEFF7 /* Info.plist */ = {isa = PBXFileReference; lastKnownFileType = text.plist.xml; path = Info.plist; sourceTree = "<group>"; };
		66BF69C61CFD2AE3004FEFF7 /* DownTubeUITests.xctest */ = {isa = PBXFileReference; explicitFileType = wrapper.cfbundle; includeInIndex = 0; path = DownTubeUITests.xctest; sourceTree = BUILT_PRODUCTS_DIR; };
		66BF69CA1CFD2AE3004FEFF7 /* DownTubeUITests.swift */ = {isa = PBXFileReference; lastKnownFileType = sourcecode.swift; path = DownTubeUITests.swift; sourceTree = "<group>"; };
		66BF69CC1CFD2AE3004FEFF7 /* Info.plist */ = {isa = PBXFileReference; lastKnownFileType = text.plist.xml; path = Info.plist; sourceTree = "<group>"; };
		66C47BB31D10F299004108D9 /* Constants.swift */ = {isa = PBXFileReference; fileEncoding = 4; lastKnownFileType = sourcecode.swift; name = Constants.swift; path = Shared/Constants.swift; sourceTree = "<group>"; };
		66E125561D07C19A008C8D39 /* DownTube-Bridging-Header.h */ = {isa = PBXFileReference; fileEncoding = 4; lastKnownFileType = sourcecode.c.h; path = "DownTube-Bridging-Header.h"; sourceTree = "<group>"; };
		66EAF6851D2C841B003D4BA8 /* DownTube 1.2.xcdatamodel */ = {isa = PBXFileReference; lastKnownFileType = wrapper.xcdatamodel; path = "DownTube 1.2.xcdatamodel"; sourceTree = "<group>"; };
		66EAF6861D2C84A1003D4BA8 /* Video+CoreDataProperties.swift */ = {isa = PBXFileReference; fileEncoding = 4; lastKnownFileType = sourcecode.swift; name = "Video+CoreDataProperties.swift"; path = "Models/Video+CoreDataProperties.swift"; sourceTree = "<group>"; };
		66EAF6881D2CAE18003D4BA8 /* AppInfoViewController.swift */ = {isa = PBXFileReference; fileEncoding = 4; lastKnownFileType = sourcecode.swift; name = AppInfoViewController.swift; path = Controllers/AppInfoViewController.swift; sourceTree = "<group>"; };
		75D529D50AF50393114AA8CE /* Pods-DownTubeUITests.release.xcconfig */ = {isa = PBXFileReference; includeInIndex = 1; lastKnownFileType = text.xcconfig; name = "Pods-DownTubeUITests.release.xcconfig"; path = "Pods/Target Support Files/Pods-DownTubeUITests/Pods-DownTubeUITests.release.xcconfig"; sourceTree = "<group>"; };
		8003CD17CF70EF7532AF8F95 /* Pods-DownTube.release.xcconfig */ = {isa = PBXFileReference; includeInIndex = 1; lastKnownFileType = text.xcconfig; name = "Pods-DownTube.release.xcconfig"; path = "Pods/Target Support Files/Pods-DownTube/Pods-DownTube.release.xcconfig"; sourceTree = "<group>"; };
		B3E0C1B3AB6C1DE6D9799AAE /* Pods_DownTubeShareExtension.framework */ = {isa = PBXFileReference; explicitFileType = wrapper.framework; includeInIndex = 0; path = Pods_DownTubeShareExtension.framework; sourceTree = BUILT_PRODUCTS_DIR; };
		F3E658361D33BA4400D47D31 /* WebViewController.swift */ = {isa = PBXFileReference; fileEncoding = 4; lastKnownFileType = sourcecode.swift; name = WebViewController.swift; path = Controllers/WebViewController.swift; sourceTree = "<group>"; };
/* End PBXFileReference section */

/* Begin PBXFrameworksBuildPhase section */
		6698ABC51D0910AF00985368 /* Frameworks */ = {
			isa = PBXFrameworksBuildPhase;
			buildActionMask = 2147483647;
			files = (
				EC8D68D96EDDA84662915FD5 /* Pods_DownTubeShareExtension.framework in Frameworks */,
			);
			runOnlyForDeploymentPostprocessing = 0;
		};
		66BF69AA1CFD2AE3004FEFF7 /* Frameworks */ = {
			isa = PBXFrameworksBuildPhase;
			buildActionMask = 2147483647;
			files = (
				6CB434BE552F0D838383B25C /* Pods_DownTube.framework in Frameworks */,
			);
			runOnlyForDeploymentPostprocessing = 0;
		};
		66BF69C31CFD2AE3004FEFF7 /* Frameworks */ = {
			isa = PBXFrameworksBuildPhase;
			buildActionMask = 2147483647;
			files = (
				17C862E72DD2457D9874CDF8 /* Pods_DownTubeUITests.framework in Frameworks */,
			);
			runOnlyForDeploymentPostprocessing = 0;
		};
/* End PBXFrameworksBuildPhase section */

/* Begin PBXGroup section */
		014AC534B366AD464FA38D5D /* Frameworks */ = {
			isa = PBXGroup;
			children = (
				03C26A75B9C4CEDE05FE3C95 /* Pods_DownTube.framework */,
				B3E0C1B3AB6C1DE6D9799AAE /* Pods_DownTubeShareExtension.framework */,
				3509F2F82C4F15C0D150299F /* Pods_DownTubeUITests.framework */,
			);
			name = Frameworks;
			sourceTree = "<group>";
		};
		66424C5A1D053556004C75B6 /* Controllers */ = {
			isa = PBXGroup;
			children = (
				F3E658361D33BA4400D47D31 /* WebViewController.swift */,
				66424C5D1D05357F004C75B6 /* MasterViewController.swift */,
				66EAF6881D2CAE18003D4BA8 /* AppInfoViewController.swift */,
				66424C5F1D053591004C75B6 /* CoreDataController.swift */,
			);
			name = Controllers;
			sourceTree = "<group>";
		};
		66424C5B1D053562004C75B6 /* Views */ = {
			isa = PBXGroup;
			children = (
				66424C651D0535C1004C75B6 /* VideoTableViewCell.swift */,
			);
			name = Views;
			sourceTree = "<group>";
		};
		66424C5C1D053567004C75B6 /* Models */ = {
			isa = PBXGroup;
			children = (
				66424C671D053684004C75B6 /* Download.swift */,
				66424C611D0535B5004C75B6 /* Video.swift */,
				66EAF6861D2C84A1003D4BA8 /* Video+CoreDataProperties.swift */,
			);
			name = Models;
			sourceTree = "<group>";
		};
		6698ABC91D0910AF00985368 /* DownTubeShareExtension */ = {
			isa = PBXGroup;
			children = (
				6698ABD71D09168E00985368 /* DownTubeShareExtension.entitlements */,
				6698ABCA1D0910AF00985368 /* ShareViewController.swift */,
				6698ABCC1D0910AF00985368 /* MainInterface.storyboard */,
				6698ABCF1D0910AF00985368 /* Info.plist */,
			);
			path = DownTubeShareExtension;
			sourceTree = "<group>";
		};
		66BF69A41CFD2AE3004FEFF7 = {
			isa = PBXGroup;
			children = (
				66C47BB61D10F2A6004108D9 /* Shared */,
				66BF69AF1CFD2AE3004FEFF7 /* DownTube */,
				66BF69C91CFD2AE3004FEFF7 /* DownTubeUITests */,
				6698ABC91D0910AF00985368 /* DownTubeShareExtension */,
				66BF69AE1CFD2AE3004FEFF7 /* Products */,
				E11E8A8E9A6E8C92BD5AFE25 /* Pods */,
				014AC534B366AD464FA38D5D /* Frameworks */,
			);
			sourceTree = "<group>";
		};
		66BF69AE1CFD2AE3004FEFF7 /* Products */ = {
			isa = PBXGroup;
			children = (
				66BF69AD1CFD2AE3004FEFF7 /* DownTube.app */,
				66BF69C61CFD2AE3004FEFF7 /* DownTubeUITests.xctest */,
				6698ABC81D0910AF00985368 /* DownTubeShareExtension.appex */,
			);
			name = Products;
			sourceTree = "<group>";
		};
		66BF69AF1CFD2AE3004FEFF7 /* DownTube */ = {
			isa = PBXGroup;
			children = (
				664C9C831D09170900B4D413 /* DownTube.entitlements */,
				66BF69B01CFD2AE3004FEFF7 /* AppDelegate.swift */,
				66E125561D07C19A008C8D39 /* DownTube-Bridging-Header.h */,
				66424C5A1D053556004C75B6 /* Controllers */,
				66424C5B1D053562004C75B6 /* Views */,
				66424C5C1D053567004C75B6 /* Models */,
				66BF69B91CFD2AE3004FEFF7 /* Main.storyboard */,
				66BF69BC1CFD2AE3004FEFF7 /* Assets.xcassets */,
				66BF69BE1CFD2AE3004FEFF7 /* LaunchScreen.storyboard */,
				66BF69C11CFD2AE3004FEFF7 /* Info.plist */,
				66BF69B21CFD2AE3004FEFF7 /* DownTube.xcdatamodeld */,
			);
			path = DownTube;
			sourceTree = "<group>";
		};
		66BF69C91CFD2AE3004FEFF7 /* DownTubeUITests */ = {
			isa = PBXGroup;
			children = (
				66BF69CA1CFD2AE3004FEFF7 /* DownTubeUITests.swift */,
				66BF69CC1CFD2AE3004FEFF7 /* Info.plist */,
			);
			path = DownTubeUITests;
			sourceTree = "<group>";
		};
		66C47BB61D10F2A6004108D9 /* Shared */ = {
			isa = PBXGroup;
			children = (
				66C47BB31D10F299004108D9 /* Constants.swift */,
			);
			name = Shared;
			sourceTree = "<group>";
		};
		E11E8A8E9A6E8C92BD5AFE25 /* Pods */ = {
			isa = PBXGroup;
			children = (
				06485A0ABB6976EA997F0521 /* Pods-DownTube.debug.xcconfig */,
				8003CD17CF70EF7532AF8F95 /* Pods-DownTube.release.xcconfig */,
				0716CAE4FBFF87D97F7BEE38 /* Pods-DownTubeShareExtension.debug.xcconfig */,
				01657EF2F9699C78B25196C8 /* Pods-DownTubeShareExtension.release.xcconfig */,
				3A6B45BABAC44A4F8E6AD455 /* Pods-DownTubeUITests.debug.xcconfig */,
				75D529D50AF50393114AA8CE /* Pods-DownTubeUITests.release.xcconfig */,
			);
			name = Pods;
			sourceTree = "<group>";
		};
/* End PBXGroup section */

/* Begin PBXNativeTarget section */
		6698ABC71D0910AF00985368 /* DownTubeShareExtension */ = {
			isa = PBXNativeTarget;
			buildConfigurationList = 6698ABD51D0910B000985368 /* Build configuration list for PBXNativeTarget "DownTubeShareExtension" */;
			buildPhases = (
				D453489E573DCCD6931D734A /* [CP] Check Pods Manifest.lock */,
				6698ABC41D0910AF00985368 /* Sources */,
				6698ABC51D0910AF00985368 /* Frameworks */,
				6698ABC61D0910AF00985368 /* Resources */,
				16CC81B11960E05F0AFE02B6 /* [CP] Embed Pods Frameworks */,
				00F39E3F615D18A91C1E0F0D /* [CP] Copy Pods Resources */,
			);
			buildRules = (
			);
			dependencies = (
			);
			name = DownTubeShareExtension;
			productName = DownTubeShareExtension;
			productReference = 6698ABC81D0910AF00985368 /* DownTubeShareExtension.appex */;
			productType = "com.apple.product-type.app-extension";
		};
		66BF69AC1CFD2AE3004FEFF7 /* DownTube */ = {
			isa = PBXNativeTarget;
			buildConfigurationList = 66BF69CF1CFD2AE3004FEFF7 /* Build configuration list for PBXNativeTarget "DownTube" */;
			buildPhases = (
				20DFF6F256332C1768AE99FA /* [CP] Check Pods Manifest.lock */,
				66BF69A91CFD2AE3004FEFF7 /* Sources */,
				66BF69AA1CFD2AE3004FEFF7 /* Frameworks */,
				66BF69AB1CFD2AE3004FEFF7 /* Resources */,
				660FDD8B1D0663C30015763F /* ShellScript */,
				660FDD8C1D06648C0015763F /* ShellScript */,
				DAFAFC4E5B66632F61E7DB8A /* [CP] Embed Pods Frameworks */,
				5597FFD583F1359BBC1A31D0 /* [CP] Copy Pods Resources */,
			);
			buildRules = (
			);
			dependencies = (
			);
			name = DownTube;
			productName = DownTube;
			productReference = 66BF69AD1CFD2AE3004FEFF7 /* DownTube.app */;
			productType = "com.apple.product-type.application";
		};
		66BF69C51CFD2AE3004FEFF7 /* DownTubeUITests */ = {
			isa = PBXNativeTarget;
			buildConfigurationList = 66BF69D21CFD2AE3004FEFF7 /* Build configuration list for PBXNativeTarget "DownTubeUITests" */;
			buildPhases = (
				953EFB72375CADF4F1A5B62A /* [CP] Check Pods Manifest.lock */,
				66BF69C21CFD2AE3004FEFF7 /* Sources */,
				66BF69C31CFD2AE3004FEFF7 /* Frameworks */,
				66BF69C41CFD2AE3004FEFF7 /* Resources */,
				9DA7977CA6E3DA35F0F9713A /* [CP] Copy Pods Resources */,
			);
			buildRules = (
			);
			dependencies = (
				66BF69C81CFD2AE3004FEFF7 /* PBXTargetDependency */,
			);
			name = DownTubeUITests;
			productName = DownTubeUITests;
			productReference = 66BF69C61CFD2AE3004FEFF7 /* DownTubeUITests.xctest */;
			productType = "com.apple.product-type.bundle.ui-testing";
		};
/* End PBXNativeTarget section */

/* Begin PBXProject section */
		66BF69A51CFD2AE3004FEFF7 /* Project object */ = {
			isa = PBXProject;
			attributes = {
				LastSwiftUpdateCheck = 0730;
				LastUpgradeCheck = 0730;
				ORGANIZATIONNAME = Adam;
				TargetAttributes = {
					6698ABC71D0910AF00985368 = {
						CreatedOnToolsVersion = 7.3.1;
						DevelopmentTeam = 6GHQ7P7EHA;
						SystemCapabilities = {
							com.apple.ApplicationGroups.iOS = {
								enabled = 1;
							};
						};
					};
					66BF69AC1CFD2AE3004FEFF7 = {
						CreatedOnToolsVersion = 7.3.1;
						DevelopmentTeam = 6GHQ7P7EHA;
						SystemCapabilities = {
							com.apple.ApplicationGroups.iOS = {
								enabled = 0;
							};
							com.apple.SafariKeychain = {
								enabled = 0;
							};
						};
					};
					66BF69C51CFD2AE3004FEFF7 = {
						CreatedOnToolsVersion = 7.3.1;
						TestTargetID = 66BF69AC1CFD2AE3004FEFF7;
					};
				};
			};
			buildConfigurationList = 66BF69A81CFD2AE3004FEFF7 /* Build configuration list for PBXProject "DownTube" */;
			compatibilityVersion = "Xcode 3.2";
			developmentRegion = English;
			hasScannedForEncodings = 0;
			knownRegions = (
				en,
				Base,
			);
			mainGroup = 66BF69A41CFD2AE3004FEFF7;
			productRefGroup = 66BF69AE1CFD2AE3004FEFF7 /* Products */;
			projectDirPath = "";
			projectRoot = "";
			targets = (
				66BF69AC1CFD2AE3004FEFF7 /* DownTube */,
				66BF69C51CFD2AE3004FEFF7 /* DownTubeUITests */,
				6698ABC71D0910AF00985368 /* DownTubeShareExtension */,
			);
		};
/* End PBXProject section */

/* Begin PBXResourcesBuildPhase section */
		6698ABC61D0910AF00985368 /* Resources */ = {
			isa = PBXResourcesBuildPhase;
			buildActionMask = 2147483647;
			files = (
				664C9C841D091F3C00B4D413 /* Assets.xcassets in Resources */,
				6698ABCE1D0910AF00985368 /* MainInterface.storyboard in Resources */,
			);
			runOnlyForDeploymentPostprocessing = 0;
		};
		66BF69AB1CFD2AE3004FEFF7 /* Resources */ = {
			isa = PBXResourcesBuildPhase;
			buildActionMask = 2147483647;
			files = (
				66BF69C01CFD2AE3004FEFF7 /* LaunchScreen.storyboard in Resources */,
				66BF69BD1CFD2AE3004FEFF7 /* Assets.xcassets in Resources */,
				66BF69BB1CFD2AE3004FEFF7 /* Main.storyboard in Resources */,
			);
			runOnlyForDeploymentPostprocessing = 0;
		};
		66BF69C41CFD2AE3004FEFF7 /* Resources */ = {
			isa = PBXResourcesBuildPhase;
			buildActionMask = 2147483647;
			files = (
			);
			runOnlyForDeploymentPostprocessing = 0;
		};
/* End PBXResourcesBuildPhase section */

/* Begin PBXShellScriptBuildPhase section */
		00F39E3F615D18A91C1E0F0D /* [CP] Copy Pods Resources */ = {
			isa = PBXShellScriptBuildPhase;
			buildActionMask = 2147483647;
			files = (
			);
			inputPaths = (
			);
			name = "[CP] Copy Pods Resources";
			outputPaths = (
			);
			runOnlyForDeploymentPostprocessing = 0;
			shellPath = /bin/sh;
			shellScript = "\"${SRCROOT}/Pods/Target Support Files/Pods-DownTubeShareExtension/Pods-DownTubeShareExtension-resources.sh\"\n";
			showEnvVarsInLog = 0;
		};
		16CC81B11960E05F0AFE02B6 /* [CP] Embed Pods Frameworks */ = {
			isa = PBXShellScriptBuildPhase;
			buildActionMask = 2147483647;
			files = (
			);
			inputPaths = (
			);
			name = "[CP] Embed Pods Frameworks";
			outputPaths = (
			);
			runOnlyForDeploymentPostprocessing = 0;
			shellPath = /bin/sh;
			shellScript = "\"${SRCROOT}/Pods/Target Support Files/Pods-DownTubeShareExtension/Pods-DownTubeShareExtension-frameworks.sh\"\n";
			showEnvVarsInLog = 0;
		};
		20DFF6F256332C1768AE99FA /* [CP] Check Pods Manifest.lock */ = {
			isa = PBXShellScriptBuildPhase;
			buildActionMask = 2147483647;
			files = (
			);
			inputPaths = (
			);
			name = "[CP] Check Pods Manifest.lock";
			outputPaths = (
			);
			runOnlyForDeploymentPostprocessing = 0;
			shellPath = /bin/sh;
			shellScript = "diff \"${PODS_ROOT}/../Podfile.lock\" \"${PODS_ROOT}/Manifest.lock\" > /dev/null\nif [[ $? != 0 ]] ; then\n    cat << EOM\nerror: The sandbox is not in sync with the Podfile.lock. Run 'pod install' or update your CocoaPods installation.\nEOM\n    exit 1\nfi\n";
			showEnvVarsInLog = 0;
		};
		5597FFD583F1359BBC1A31D0 /* [CP] Copy Pods Resources */ = {
			isa = PBXShellScriptBuildPhase;
			buildActionMask = 2147483647;
			files = (
			);
			inputPaths = (
			);
			name = "[CP] Copy Pods Resources";
			outputPaths = (
			);
			runOnlyForDeploymentPostprocessing = 0;
			shellPath = /bin/sh;
			shellScript = "\"${SRCROOT}/Pods/Target Support Files/Pods-DownTube/Pods-DownTube-resources.sh\"\n";
			showEnvVarsInLog = 0;
		};
		660FDD8B1D0663C30015763F /* ShellScript */ = {
			isa = PBXShellScriptBuildPhase;
			buildActionMask = 2147483647;
			files = (
			);
			inputPaths = (
			);
			outputPaths = (
			);
			runOnlyForDeploymentPostprocessing = 0;
			shellPath = /bin/sh;
			shellScript = "\"${PODS_ROOT}/Fabric/run\" ddc2645d54ae392a8abd36a8dbbccb41fca3541d ec4418504bf66c40bfd19499c14e2f454e4ae3fa366b7699d1092e7ef7815f1b";
		};
		660FDD8C1D06648C0015763F /* ShellScript */ = {
			isa = PBXShellScriptBuildPhase;
			buildActionMask = 2147483647;
			files = (
			);
			inputPaths = (
			);
			outputPaths = (
			);
			runOnlyForDeploymentPostprocessing = 0;
			shellPath = /bin/sh;
			shellScript = "if which swiftlint >/dev/null; then\n    swiftlint\nelse\n    echo \"warning: SwiftLint not installed, download from https://github.com/realm/SwiftLint\"\nfi";
		};
		953EFB72375CADF4F1A5B62A /* [CP] Check Pods Manifest.lock */ = {
			isa = PBXShellScriptBuildPhase;
			buildActionMask = 2147483647;
			files = (
			);
			inputPaths = (
			);
			name = "[CP] Check Pods Manifest.lock";
			outputPaths = (
			);
			runOnlyForDeploymentPostprocessing = 0;
			shellPath = /bin/sh;
			shellScript = "diff \"${PODS_ROOT}/../Podfile.lock\" \"${PODS_ROOT}/Manifest.lock\" > /dev/null\nif [[ $? != 0 ]] ; then\n    cat << EOM\nerror: The sandbox is not in sync with the Podfile.lock. Run 'pod install' or update your CocoaPods installation.\nEOM\n    exit 1\nfi\n";
			showEnvVarsInLog = 0;
		};
		9DA7977CA6E3DA35F0F9713A /* [CP] Copy Pods Resources */ = {
			isa = PBXShellScriptBuildPhase;
			buildActionMask = 2147483647;
			files = (
			);
			inputPaths = (
			);
			name = "[CP] Copy Pods Resources";
			outputPaths = (
			);
			runOnlyForDeploymentPostprocessing = 0;
			shellPath = /bin/sh;
			shellScript = "\"${SRCROOT}/Pods/Target Support Files/Pods-DownTubeUITests/Pods-DownTubeUITests-resources.sh\"\n";
			showEnvVarsInLog = 0;
		};
		D453489E573DCCD6931D734A /* [CP] Check Pods Manifest.lock */ = {
			isa = PBXShellScriptBuildPhase;
			buildActionMask = 2147483647;
			files = (
			);
			inputPaths = (
			);
			name = "[CP] Check Pods Manifest.lock";
			outputPaths = (
			);
			runOnlyForDeploymentPostprocessing = 0;
			shellPath = /bin/sh;
			shellScript = "diff \"${PODS_ROOT}/../Podfile.lock\" \"${PODS_ROOT}/Manifest.lock\" > /dev/null\nif [[ $? != 0 ]] ; then\n    cat << EOM\nerror: The sandbox is not in sync with the Podfile.lock. Run 'pod install' or update your CocoaPods installation.\nEOM\n    exit 1\nfi\n";
			showEnvVarsInLog = 0;
		};
		DAFAFC4E5B66632F61E7DB8A /* [CP] Embed Pods Frameworks */ = {
			isa = PBXShellScriptBuildPhase;
			buildActionMask = 2147483647;
			files = (
			);
			inputPaths = (
			);
			name = "[CP] Embed Pods Frameworks";
			outputPaths = (
			);
			runOnlyForDeploymentPostprocessing = 0;
			shellPath = /bin/sh;
			shellScript = "\"${SRCROOT}/Pods/Target Support Files/Pods-DownTube/Pods-DownTube-frameworks.sh\"\n";
			showEnvVarsInLog = 0;
		};
/* End PBXShellScriptBuildPhase section */

/* Begin PBXSourcesBuildPhase section */
		6698ABC41D0910AF00985368 /* Sources */ = {
			isa = PBXSourcesBuildPhase;
			buildActionMask = 2147483647;
			files = (
				6698ABCB1D0910AF00985368 /* ShareViewController.swift in Sources */,
				66C47BB51D10F299004108D9 /* Constants.swift in Sources */,
			);
			runOnlyForDeploymentPostprocessing = 0;
		};
		66BF69A91CFD2AE3004FEFF7 /* Sources */ = {
			isa = PBXSourcesBuildPhase;
			buildActionMask = 2147483647;
			files = (
				66EAF6891D2CAE18003D4BA8 /* AppInfoViewController.swift in Sources */,
				F3E658371D33BA4400D47D31 /* WebViewController.swift in Sources */,
				66424C5E1D05357F004C75B6 /* MasterViewController.swift in Sources */,
				66424C681D053684004C75B6 /* Download.swift in Sources */,
				66424C661D0535C1004C75B6 /* VideoTableViewCell.swift in Sources */,
				66BF69B11CFD2AE3004FEFF7 /* AppDelegate.swift in Sources */,
				66424C601D053591004C75B6 /* CoreDataController.swift in Sources */,
				66BF69B41CFD2AE3004FEFF7 /* DownTube.xcdatamodeld in Sources */,
				66424C621D0535B5004C75B6 /* Video.swift in Sources */,
				66C47BB41D10F299004108D9 /* Constants.swift in Sources */,
				66EAF6871D2C84A1003D4BA8 /* Video+CoreDataProperties.swift in Sources */,
			);
			runOnlyForDeploymentPostprocessing = 0;
		};
		66BF69C21CFD2AE3004FEFF7 /* Sources */ = {
			isa = PBXSourcesBuildPhase;
			buildActionMask = 2147483647;
			files = (
				66BF69CB1CFD2AE3004FEFF7 /* DownTubeUITests.swift in Sources */,
			);
			runOnlyForDeploymentPostprocessing = 0;
		};
/* End PBXSourcesBuildPhase section */

/* Begin PBXTargetDependency section */
		66BF69C81CFD2AE3004FEFF7 /* PBXTargetDependency */ = {
			isa = PBXTargetDependency;
			target = 66BF69AC1CFD2AE3004FEFF7 /* DownTube */;
			targetProxy = 66BF69C71CFD2AE3004FEFF7 /* PBXContainerItemProxy */;
		};
/* End PBXTargetDependency section */

/* Begin PBXVariantGroup section */
		6698ABCC1D0910AF00985368 /* MainInterface.storyboard */ = {
			isa = PBXVariantGroup;
			children = (
				6698ABCD1D0910AF00985368 /* Base */,
			);
			name = MainInterface.storyboard;
			sourceTree = "<group>";
		};
		66BF69B91CFD2AE3004FEFF7 /* Main.storyboard */ = {
			isa = PBXVariantGroup;
			children = (
				66BF69BA1CFD2AE3004FEFF7 /* Base */,
			);
			name = Main.storyboard;
			sourceTree = "<group>";
		};
		66BF69BE1CFD2AE3004FEFF7 /* LaunchScreen.storyboard */ = {
			isa = PBXVariantGroup;
			children = (
				66BF69BF1CFD2AE3004FEFF7 /* Base */,
			);
			name = LaunchScreen.storyboard;
			sourceTree = "<group>";
		};
/* End PBXVariantGroup section */

/* Begin XCBuildConfiguration section */
		6698ABD31D0910B000985368 /* Debug */ = {
			isa = XCBuildConfiguration;
			baseConfigurationReference = 0716CAE4FBFF87D97F7BEE38 /* Pods-DownTubeShareExtension.debug.xcconfig */;
			buildSettings = {
				ASSETCATALOG_COMPILER_APPICON_NAME = AppIcon;
				CODE_SIGN_ENTITLEMENTS = DownTubeShareExtension/DownTubeShareExtension.entitlements;
				CODE_SIGN_IDENTITY = "iPhone Developer";
				INFOPLIST_FILE = DownTubeShareExtension/Info.plist;
				IPHONEOS_DEPLOYMENT_TARGET = 9.0;
				LD_RUNPATH_SEARCH_PATHS = "$(inherited) @executable_path/Frameworks @executable_path/../../Frameworks";
				PRODUCT_BUNDLE_IDENTIFIER = com.adam.DownTube.DownTubeShareExtension;
				PRODUCT_NAME = "$(TARGET_NAME)";
				SKIP_INSTALL = YES;
			};
			name = Debug;
		};
		6698ABD41D0910B000985368 /* Release */ = {
			isa = XCBuildConfiguration;
			baseConfigurationReference = 01657EF2F9699C78B25196C8 /* Pods-DownTubeShareExtension.release.xcconfig */;
			buildSettings = {
				ASSETCATALOG_COMPILER_APPICON_NAME = AppIcon;
				CODE_SIGN_ENTITLEMENTS = DownTubeShareExtension/DownTubeShareExtension.entitlements;
				CODE_SIGN_IDENTITY = "iPhone Developer";
				INFOPLIST_FILE = DownTubeShareExtension/Info.plist;
				IPHONEOS_DEPLOYMENT_TARGET = 9.0;
				LD_RUNPATH_SEARCH_PATHS = "$(inherited) @executable_path/Frameworks @executable_path/../../Frameworks";
				PRODUCT_BUNDLE_IDENTIFIER = com.adam.DownTube.DownTubeShareExtension;
				PRODUCT_NAME = "$(TARGET_NAME)";
				SKIP_INSTALL = YES;
			};
			name = Release;
		};
		66BF69CD1CFD2AE3004FEFF7 /* Debug */ = {
			isa = XCBuildConfiguration;
			buildSettings = {
				ALWAYS_SEARCH_USER_PATHS = NO;
				CLANG_ANALYZER_NONNULL = YES;
				CLANG_CXX_LANGUAGE_STANDARD = "gnu++0x";
				CLANG_CXX_LIBRARY = "libc++";
				CLANG_ENABLE_MODULES = YES;
				CLANG_ENABLE_OBJC_ARC = YES;
				CLANG_WARN_BOOL_CONVERSION = YES;
				CLANG_WARN_CONSTANT_CONVERSION = YES;
				CLANG_WARN_DIRECT_OBJC_ISA_USAGE = YES_ERROR;
				CLANG_WARN_EMPTY_BODY = YES;
				CLANG_WARN_ENUM_CONVERSION = YES;
				CLANG_WARN_INT_CONVERSION = YES;
				CLANG_WARN_OBJC_ROOT_CLASS = YES_ERROR;
				CLANG_WARN_UNREACHABLE_CODE = YES;
				CLANG_WARN__DUPLICATE_METHOD_MATCH = YES;
				"CODE_SIGN_IDENTITY[sdk=iphoneos*]" = "iPhone Developer";
				COPY_PHASE_STRIP = NO;
				DEBUG_INFORMATION_FORMAT = dwarf;
				ENABLE_STRICT_OBJC_MSGSEND = YES;
				ENABLE_TESTABILITY = YES;
				GCC_C_LANGUAGE_STANDARD = gnu99;
				GCC_DYNAMIC_NO_PIC = NO;
				GCC_NO_COMMON_BLOCKS = YES;
				GCC_OPTIMIZATION_LEVEL = 0;
				GCC_PREPROCESSOR_DEFINITIONS = (
					"DEBUG=1",
					"$(inherited)",
				);
				GCC_WARN_64_TO_32_BIT_CONVERSION = YES;
				GCC_WARN_ABOUT_RETURN_TYPE = YES_ERROR;
				GCC_WARN_UNDECLARED_SELECTOR = YES;
				GCC_WARN_UNINITIALIZED_AUTOS = YES_AGGRESSIVE;
				GCC_WARN_UNUSED_FUNCTION = YES;
				GCC_WARN_UNUSED_VARIABLE = YES;
				IPHONEOS_DEPLOYMENT_TARGET = 9.0;
				MTL_ENABLE_DEBUG_INFO = YES;
				ONLY_ACTIVE_ARCH = YES;
				SDKROOT = iphoneos;
				SWIFT_OPTIMIZATION_LEVEL = "-Onone";
				TARGETED_DEVICE_FAMILY = "1,2";
			};
			name = Debug;
		};
		66BF69CE1CFD2AE3004FEFF7 /* Release */ = {
			isa = XCBuildConfiguration;
			buildSettings = {
				ALWAYS_SEARCH_USER_PATHS = NO;
				CLANG_ANALYZER_NONNULL = YES;
				CLANG_CXX_LANGUAGE_STANDARD = "gnu++0x";
				CLANG_CXX_LIBRARY = "libc++";
				CLANG_ENABLE_MODULES = YES;
				CLANG_ENABLE_OBJC_ARC = YES;
				CLANG_WARN_BOOL_CONVERSION = YES;
				CLANG_WARN_CONSTANT_CONVERSION = YES;
				CLANG_WARN_DIRECT_OBJC_ISA_USAGE = YES_ERROR;
				CLANG_WARN_EMPTY_BODY = YES;
				CLANG_WARN_ENUM_CONVERSION = YES;
				CLANG_WARN_INT_CONVERSION = YES;
				CLANG_WARN_OBJC_ROOT_CLASS = YES_ERROR;
				CLANG_WARN_UNREACHABLE_CODE = YES;
				CLANG_WARN__DUPLICATE_METHOD_MATCH = YES;
				"CODE_SIGN_IDENTITY[sdk=iphoneos*]" = "iPhone Developer";
				COPY_PHASE_STRIP = NO;
				DEBUG_INFORMATION_FORMAT = "dwarf-with-dsym";
				ENABLE_NS_ASSERTIONS = NO;
				ENABLE_STRICT_OBJC_MSGSEND = YES;
				GCC_C_LANGUAGE_STANDARD = gnu99;
				GCC_NO_COMMON_BLOCKS = YES;
				GCC_WARN_64_TO_32_BIT_CONVERSION = YES;
				GCC_WARN_ABOUT_RETURN_TYPE = YES_ERROR;
				GCC_WARN_UNDECLARED_SELECTOR = YES;
				GCC_WARN_UNINITIALIZED_AUTOS = YES_AGGRESSIVE;
				GCC_WARN_UNUSED_FUNCTION = YES;
				GCC_WARN_UNUSED_VARIABLE = YES;
				IPHONEOS_DEPLOYMENT_TARGET = 9.0;
				MTL_ENABLE_DEBUG_INFO = NO;
				SDKROOT = iphoneos;
				TARGETED_DEVICE_FAMILY = "1,2";
				VALIDATE_PRODUCT = YES;
			};
			name = Release;
		};
		66BF69D01CFD2AE3004FEFF7 /* Debug */ = {
			isa = XCBuildConfiguration;
			baseConfigurationReference = 06485A0ABB6976EA997F0521 /* Pods-DownTube.debug.xcconfig */;
			buildSettings = {
				ASSETCATALOG_COMPILER_APPICON_NAME = AppIcon;
				CODE_SIGN_IDENTITY = "iPhone Developer";
				DEBUG_INFORMATION_FORMAT = "dwarf-with-dsym";
				INFOPLIST_FILE = DownTube/Info.plist;
				IPHONEOS_DEPLOYMENT_TARGET = 9.0;
				LD_RUNPATH_SEARCH_PATHS = "$(inherited) @executable_path/Frameworks";
				PRODUCT_BUNDLE_IDENTIFIER = com.adam.DownTube;
				PRODUCT_NAME = "$(TARGET_NAME)";
				SWIFT_OBJC_BRIDGING_HEADER = "";
			};
			name = Debug;
		};
		66BF69D11CFD2AE3004FEFF7 /* Release */ = {
			isa = XCBuildConfiguration;
			baseConfigurationReference = 8003CD17CF70EF7532AF8F95 /* Pods-DownTube.release.xcconfig */;
			buildSettings = {
				ASSETCATALOG_COMPILER_APPICON_NAME = AppIcon;
				CODE_SIGN_IDENTITY = "iPhone Developer";
				INFOPLIST_FILE = DownTube/Info.plist;
				IPHONEOS_DEPLOYMENT_TARGET = 9.0;
				LD_RUNPATH_SEARCH_PATHS = "$(inherited) @executable_path/Frameworks";
				PRODUCT_BUNDLE_IDENTIFIER = com.adam.DownTube;
				PRODUCT_NAME = "$(TARGET_NAME)";
				SWIFT_OBJC_BRIDGING_HEADER = "";
			};
			name = Release;
		};
		66BF69D31CFD2AE3004FEFF7 /* Debug */ = {
			isa = XCBuildConfiguration;
			baseConfigurationReference = 3A6B45BABAC44A4F8E6AD455 /* Pods-DownTubeUITests.debug.xcconfig */;
			buildSettings = {
				DEBUG_INFORMATION_FORMAT = "dwarf-with-dsym";
				INFOPLIST_FILE = DownTubeUITests/Info.plist;
				LD_RUNPATH_SEARCH_PATHS = "$(inherited) @executable_path/Frameworks @loader_path/Frameworks";
				PRODUCT_BUNDLE_IDENTIFIER = com.adam.DownTubeUITests;
				PRODUCT_NAME = "$(TARGET_NAME)";
				TEST_TARGET_NAME = DownTube;
			};
			name = Debug;
		};
		66BF69D41CFD2AE3004FEFF7 /* Release */ = {
			isa = XCBuildConfiguration;
			baseConfigurationReference = 75D529D50AF50393114AA8CE /* Pods-DownTubeUITests.release.xcconfig */;
			buildSettings = {
				INFOPLIST_FILE = DownTubeUITests/Info.plist;
				LD_RUNPATH_SEARCH_PATHS = "$(inherited) @executable_path/Frameworks @loader_path/Frameworks";
				PRODUCT_BUNDLE_IDENTIFIER = com.adam.DownTubeUITests;
				PRODUCT_NAME = "$(TARGET_NAME)";
				TEST_TARGET_NAME = DownTube;
			};
			name = Release;
		};
/* End XCBuildConfiguration section */

/* Begin XCConfigurationList section */
		6698ABD51D0910B000985368 /* Build configuration list for PBXNativeTarget "DownTubeShareExtension" */ = {
			isa = XCConfigurationList;
			buildConfigurations = (
				6698ABD31D0910B000985368 /* Debug */,
				6698ABD41D0910B000985368 /* Release */,
			);
			defaultConfigurationIsVisible = 0;
			defaultConfigurationName = Release;
		};
		66BF69A81CFD2AE3004FEFF7 /* Build configuration list for PBXProject "DownTube" */ = {
			isa = XCConfigurationList;
			buildConfigurations = (
				66BF69CD1CFD2AE3004FEFF7 /* Debug */,
				66BF69CE1CFD2AE3004FEFF7 /* Release */,
			);
			defaultConfigurationIsVisible = 0;
			defaultConfigurationName = Release;
		};
		66BF69CF1CFD2AE3004FEFF7 /* Build configuration list for PBXNativeTarget "DownTube" */ = {
			isa = XCConfigurationList;
			buildConfigurations = (
				66BF69D01CFD2AE3004FEFF7 /* Debug */,
				66BF69D11CFD2AE3004FEFF7 /* Release */,
			);
			defaultConfigurationIsVisible = 0;
			defaultConfigurationName = Release;
		};
		66BF69D21CFD2AE3004FEFF7 /* Build configuration list for PBXNativeTarget "DownTubeUITests" */ = {
			isa = XCConfigurationList;
			buildConfigurations = (
				66BF69D31CFD2AE3004FEFF7 /* Debug */,
				66BF69D41CFD2AE3004FEFF7 /* Release */,
			);
			defaultConfigurationIsVisible = 0;
			defaultConfigurationName = Release;
		};
/* End XCConfigurationList section */

/* Begin XCVersionGroup section */
		66BF69B21CFD2AE3004FEFF7 /* DownTube.xcdatamodeld */ = {
			isa = XCVersionGroup;
			children = (
				66EAF6851D2C841B003D4BA8 /* DownTube 1.2.xcdatamodel */,
				66BF69B31CFD2AE3004FEFF7 /* DownTube.xcdatamodel */,
			);
			currentVersion = 66EAF6851D2C841B003D4BA8 /* DownTube 1.2.xcdatamodel */;
			path = DownTube.xcdatamodeld;
			sourceTree = "<group>";
			versionGroupType = wrapper.xcdatamodel;
		};
/* End XCVersionGroup section */
	};
	rootObject = 66BF69A51CFD2AE3004FEFF7 /* Project object */;
}
