// !$*UTF8*$!
{
	archiveVersion = 1;
	classes = {
	};
	objectVersion = 46;
	objects = {

/* Begin PBXBuildFile section */
		19662827656094244FC000F1 /* Pods_DownTube.framework in Frameworks */ = {isa = PBXBuildFile; fileRef = 8B155E499B6CE46F27A8B338 /* Pods_DownTube.framework */; };
		66424C5E1D05357F004C75B6 /* MasterViewController.swift in Sources */ = {isa = PBXBuildFile; fileRef = 66424C5D1D05357F004C75B6 /* MasterViewController.swift */; };
		66424C601D053591004C75B6 /* CoreDataController.swift in Sources */ = {isa = PBXBuildFile; fileRef = 66424C5F1D053591004C75B6 /* CoreDataController.swift */; };
		66424C621D0535B5004C75B6 /* Video.swift in Sources */ = {isa = PBXBuildFile; fileRef = 66424C611D0535B5004C75B6 /* Video.swift */; };
		66424C641D0535BB004C75B6 /* Video+CoreDataProperties.swift in Sources */ = {isa = PBXBuildFile; fileRef = 66424C631D0535BB004C75B6 /* Video+CoreDataProperties.swift */; };
		66424C661D0535C1004C75B6 /* VideoTableViewCell.swift in Sources */ = {isa = PBXBuildFile; fileRef = 66424C651D0535C1004C75B6 /* VideoTableViewCell.swift */; };
		66424C681D053684004C75B6 /* Download.swift in Sources */ = {isa = PBXBuildFile; fileRef = 66424C671D053684004C75B6 /* Download.swift */; };
		66BF69B11CFD2AE3004FEFF7 /* AppDelegate.swift in Sources */ = {isa = PBXBuildFile; fileRef = 66BF69B01CFD2AE3004FEFF7 /* AppDelegate.swift */; };
		66BF69B41CFD2AE3004FEFF7 /* DownTube.xcdatamodeld in Sources */ = {isa = PBXBuildFile; fileRef = 66BF69B21CFD2AE3004FEFF7 /* DownTube.xcdatamodeld */; };
		66BF69BB1CFD2AE3004FEFF7 /* Main.storyboard in Resources */ = {isa = PBXBuildFile; fileRef = 66BF69B91CFD2AE3004FEFF7 /* Main.storyboard */; };
		66BF69BD1CFD2AE3004FEFF7 /* Assets.xcassets in Resources */ = {isa = PBXBuildFile; fileRef = 66BF69BC1CFD2AE3004FEFF7 /* Assets.xcassets */; };
		66BF69C01CFD2AE3004FEFF7 /* LaunchScreen.storyboard in Resources */ = {isa = PBXBuildFile; fileRef = 66BF69BE1CFD2AE3004FEFF7 /* LaunchScreen.storyboard */; };
		66BF69CB1CFD2AE3004FEFF7 /* DownTubeUITests.swift in Sources */ = {isa = PBXBuildFile; fileRef = 66BF69CA1CFD2AE3004FEFF7 /* DownTubeUITests.swift */; };
/* End PBXBuildFile section */

/* Begin PBXContainerItemProxy section */
		66BF69C71CFD2AE3004FEFF7 /* PBXContainerItemProxy */ = {
			isa = PBXContainerItemProxy;
			containerPortal = 66BF69A51CFD2AE3004FEFF7 /* Project object */;
			proxyType = 1;
			remoteGlobalIDString = 66BF69AC1CFD2AE3004FEFF7;
			remoteInfo = DownTube;
		};
/* End PBXContainerItemProxy section */

/* Begin PBXFileReference section */
		2DB92BA1E38FAE17091FC36C /* Pods-DownTube.release.xcconfig */ = {isa = PBXFileReference; includeInIndex = 1; lastKnownFileType = text.xcconfig; name = "Pods-DownTube.release.xcconfig"; path = "Pods/Target Support Files/Pods-DownTube/Pods-DownTube.release.xcconfig"; sourceTree = "<group>"; };
		66424C5D1D05357F004C75B6 /* MasterViewController.swift */ = {isa = PBXFileReference; fileEncoding = 4; lastKnownFileType = sourcecode.swift; name = MasterViewController.swift; path = Controllers/MasterViewController.swift; sourceTree = "<group>"; };
		66424C5F1D053591004C75B6 /* CoreDataController.swift */ = {isa = PBXFileReference; fileEncoding = 4; lastKnownFileType = sourcecode.swift; name = CoreDataController.swift; path = Controllers/CoreDataController.swift; sourceTree = "<group>"; };
		66424C611D0535B5004C75B6 /* Video.swift */ = {isa = PBXFileReference; fileEncoding = 4; lastKnownFileType = sourcecode.swift; name = Video.swift; path = Models/Video.swift; sourceTree = "<group>"; };
		66424C631D0535BB004C75B6 /* Video+CoreDataProperties.swift */ = {isa = PBXFileReference; fileEncoding = 4; lastKnownFileType = sourcecode.swift; name = "Video+CoreDataProperties.swift"; path = "Models/Video+CoreDataProperties.swift"; sourceTree = "<group>"; };
		66424C651D0535C1004C75B6 /* VideoTableViewCell.swift */ = {isa = PBXFileReference; fileEncoding = 4; lastKnownFileType = sourcecode.swift; name = VideoTableViewCell.swift; path = Views/VideoTableViewCell.swift; sourceTree = "<group>"; };
		66424C671D053684004C75B6 /* Download.swift */ = {isa = PBXFileReference; fileEncoding = 4; lastKnownFileType = sourcecode.swift; name = Download.swift; path = Models/Download.swift; sourceTree = "<group>"; };
		66BF69AD1CFD2AE3004FEFF7 /* DownTube.app */ = {isa = PBXFileReference; explicitFileType = wrapper.application; includeInIndex = 0; path = DownTube.app; sourceTree = BUILT_PRODUCTS_DIR; };
		66BF69B01CFD2AE3004FEFF7 /* AppDelegate.swift */ = {isa = PBXFileReference; lastKnownFileType = sourcecode.swift; path = AppDelegate.swift; sourceTree = "<group>"; };
		66BF69B31CFD2AE3004FEFF7 /* DownTube.xcdatamodel */ = {isa = PBXFileReference; lastKnownFileType = wrapper.xcdatamodel; path = DownTube.xcdatamodel; sourceTree = "<group>"; };
		66BF69BA1CFD2AE3004FEFF7 /* Base */ = {isa = PBXFileReference; lastKnownFileType = file.storyboard; name = Base; path = Base.lproj/Main.storyboard; sourceTree = "<group>"; };
		66BF69BC1CFD2AE3004FEFF7 /* Assets.xcassets */ = {isa = PBXFileReference; lastKnownFileType = folder.assetcatalog; path = Assets.xcassets; sourceTree = "<group>"; };
		66BF69BF1CFD2AE3004FEFF7 /* Base */ = {isa = PBXFileReference; lastKnownFileType = file.storyboard; name = Base; path = Base.lproj/LaunchScreen.storyboard; sourceTree = "<group>"; };
		66BF69C11CFD2AE3004FEFF7 /* Info.plist */ = {isa = PBXFileReference; lastKnownFileType = text.plist.xml; path = Info.plist; sourceTree = "<group>"; };
		66BF69C61CFD2AE3004FEFF7 /* DownTubeUITests.xctest */ = {isa = PBXFileReference; explicitFileType = wrapper.cfbundle; includeInIndex = 0; path = DownTubeUITests.xctest; sourceTree = BUILT_PRODUCTS_DIR; };
		66BF69CA1CFD2AE3004FEFF7 /* DownTubeUITests.swift */ = {isa = PBXFileReference; lastKnownFileType = sourcecode.swift; path = DownTubeUITests.swift; sourceTree = "<group>"; };
		66BF69CC1CFD2AE3004FEFF7 /* Info.plist */ = {isa = PBXFileReference; lastKnownFileType = text.plist.xml; path = Info.plist; sourceTree = "<group>"; };
		8513753E4FDB75045216F0B1 /* Pods-DownTube.debug.xcconfig */ = {isa = PBXFileReference; includeInIndex = 1; lastKnownFileType = text.xcconfig; name = "Pods-DownTube.debug.xcconfig"; path = "Pods/Target Support Files/Pods-DownTube/Pods-DownTube.debug.xcconfig"; sourceTree = "<group>"; };
		8B155E499B6CE46F27A8B338 /* Pods_DownTube.framework */ = {isa = PBXFileReference; explicitFileType = wrapper.framework; includeInIndex = 0; path = Pods_DownTube.framework; sourceTree = BUILT_PRODUCTS_DIR; };
/* End PBXFileReference section */

/* Begin PBXFrameworksBuildPhase section */
		66BF69AA1CFD2AE3004FEFF7 /* Frameworks */ = {
			isa = PBXFrameworksBuildPhase;
			buildActionMask = 2147483647;
			files = (
				19662827656094244FC000F1 /* Pods_DownTube.framework in Frameworks */,
			);
			runOnlyForDeploymentPostprocessing = 0;
		};
		66BF69C31CFD2AE3004FEFF7 /* Frameworks */ = {
			isa = PBXFrameworksBuildPhase;
			buildActionMask = 2147483647;
			files = (
			);
			runOnlyForDeploymentPostprocessing = 0;
		};
/* End PBXFrameworksBuildPhase section */

/* Begin PBXGroup section */
		66424C5A1D053556004C75B6 /* Controllers */ = {
			isa = PBXGroup;
			children = (
				66424C5D1D05357F004C75B6 /* MasterViewController.swift */,
				66424C5F1D053591004C75B6 /* CoreDataController.swift */,
			);
			name = Controllers;
			sourceTree = "<group>";
		};
		66424C5B1D053562004C75B6 /* Views */ = {
			isa = PBXGroup;
			children = (
				66424C651D0535C1004C75B6 /* VideoTableViewCell.swift */,
			);
			name = Views;
			sourceTree = "<group>";
		};
		66424C5C1D053567004C75B6 /* Models */ = {
			isa = PBXGroup;
			children = (
				66424C671D053684004C75B6 /* Download.swift */,
				66424C611D0535B5004C75B6 /* Video.swift */,
				66424C631D0535BB004C75B6 /* Video+CoreDataProperties.swift */,
			);
			name = Models;
			sourceTree = "<group>";
		};
		66BF69A41CFD2AE3004FEFF7 = {
			isa = PBXGroup;
			children = (
				66BF69AF1CFD2AE3004FEFF7 /* DownTube */,
				66BF69C91CFD2AE3004FEFF7 /* DownTubeUITests */,
				66BF69AE1CFD2AE3004FEFF7 /* Products */,
				B2B40F74B06889CE621FE55A /* Pods */,
				CA28CCD764DF0CA0D1B8BB88 /* Frameworks */,
			);
			sourceTree = "<group>";
		};
		66BF69AE1CFD2AE3004FEFF7 /* Products */ = {
			isa = PBXGroup;
			children = (
				66BF69AD1CFD2AE3004FEFF7 /* DownTube.app */,
				66BF69C61CFD2AE3004FEFF7 /* DownTubeUITests.xctest */,
			);
			name = Products;
			sourceTree = "<group>";
		};
		66BF69AF1CFD2AE3004FEFF7 /* DownTube */ = {
			isa = PBXGroup;
			children = (
				66BF69B01CFD2AE3004FEFF7 /* AppDelegate.swift */,
				66424C5A1D053556004C75B6 /* Controllers */,
				66424C5B1D053562004C75B6 /* Views */,
				66424C5C1D053567004C75B6 /* Models */,
				66BF69B91CFD2AE3004FEFF7 /* Main.storyboard */,
				66BF69BC1CFD2AE3004FEFF7 /* Assets.xcassets */,
				66BF69BE1CFD2AE3004FEFF7 /* LaunchScreen.storyboard */,
				66BF69C11CFD2AE3004FEFF7 /* Info.plist */,
				66BF69B21CFD2AE3004FEFF7 /* DownTube.xcdatamodeld */,
			);
			path = DownTube;
			sourceTree = "<group>";
		};
		66BF69C91CFD2AE3004FEFF7 /* DownTubeUITests */ = {
			isa = PBXGroup;
			children = (
				66BF69CA1CFD2AE3004FEFF7 /* DownTubeUITests.swift */,
				66BF69CC1CFD2AE3004FEFF7 /* Info.plist */,
			);
			path = DownTubeUITests;
			sourceTree = "<group>";
		};
		B2B40F74B06889CE621FE55A /* Pods */ = {
			isa = PBXGroup;
			children = (
				8513753E4FDB75045216F0B1 /* Pods-DownTube.debug.xcconfig */,
				2DB92BA1E38FAE17091FC36C /* Pods-DownTube.release.xcconfig */,
			);
			name = Pods;
			sourceTree = "<group>";
		};
		CA28CCD764DF0CA0D1B8BB88 /* Frameworks */ = {
			isa = PBXGroup;
			children = (
				8B155E499B6CE46F27A8B338 /* Pods_DownTube.framework */,
			);
			name = Frameworks;
			sourceTree = "<group>";
		};
/* End PBXGroup section */

/* Begin PBXNativeTarget section */
		66BF69AC1CFD2AE3004FEFF7 /* DownTube */ = {
			isa = PBXNativeTarget;
			buildConfigurationList = 66BF69CF1CFD2AE3004FEFF7 /* Build configuration list for PBXNativeTarget "DownTube" */;
			buildPhases = (
				62F4CCEBD002F0CE636FB4EF /* Check Pods Manifest.lock */,
				66BF69A91CFD2AE3004FEFF7 /* Sources */,
				66BF69AA1CFD2AE3004FEFF7 /* Frameworks */,
				66BF69AB1CFD2AE3004FEFF7 /* Resources */,
				8B4AA6E3BA885B25C50B8D21 /* Embed Pods Frameworks */,
				0B65F3FF512142F1F0D5A791 /* Copy Pods Resources */,
				660FDD8B1D0663C30015763F /* ShellScript */,
			);
			buildRules = (
			);
			dependencies = (
			);
			name = DownTube;
			productName = DownTube;
			productReference = 66BF69AD1CFD2AE3004FEFF7 /* DownTube.app */;
			productType = "com.apple.product-type.application";
		};
		66BF69C51CFD2AE3004FEFF7 /* DownTubeUITests */ = {
			isa = PBXNativeTarget;
			buildConfigurationList = 66BF69D21CFD2AE3004FEFF7 /* Build configuration list for PBXNativeTarget "DownTubeUITests" */;
			buildPhases = (
				66BF69C21CFD2AE3004FEFF7 /* Sources */,
				66BF69C31CFD2AE3004FEFF7 /* Frameworks */,
				66BF69C41CFD2AE3004FEFF7 /* Resources */,
			);
			buildRules = (
			);
			dependencies = (
				66BF69C81CFD2AE3004FEFF7 /* PBXTargetDependency */,
			);
			name = DownTubeUITests;
			productName = DownTubeUITests;
			productReference = 66BF69C61CFD2AE3004FEFF7 /* DownTubeUITests.xctest */;
			productType = "com.apple.product-type.bundle.ui-testing";
		};
/* End PBXNativeTarget section */

/* Begin PBXProject section */
		66BF69A51CFD2AE3004FEFF7 /* Project object */ = {
			isa = PBXProject;
			attributes = {
				LastSwiftUpdateCheck = 0730;
				LastUpgradeCheck = 0730;
				ORGANIZATIONNAME = Adam;
				TargetAttributes = {
					66BF69AC1CFD2AE3004FEFF7 = {
						CreatedOnToolsVersion = 7.3.1;
						DevelopmentTeam = 6GHQ7P7EHA;
					};
					66BF69C51CFD2AE3004FEFF7 = {
						CreatedOnToolsVersion = 7.3.1;
						TestTargetID = 66BF69AC1CFD2AE3004FEFF7;
					};
				};
			};
			buildConfigurationList = 66BF69A81CFD2AE3004FEFF7 /* Build configuration list for PBXProject "DownTube" */;
			compatibilityVersion = "Xcode 3.2";
			developmentRegion = English;
			hasScannedForEncodings = 0;
			knownRegions = (
				en,
				Base,
			);
			mainGroup = 66BF69A41CFD2AE3004FEFF7;
			productRefGroup = 66BF69AE1CFD2AE3004FEFF7 /* Products */;
			projectDirPath = "";
			projectRoot = "";
			targets = (
				66BF69AC1CFD2AE3004FEFF7 /* DownTube */,
				66BF69C51CFD2AE3004FEFF7 /* DownTubeUITests */,
			);
		};
/* End PBXProject section */

/* Begin PBXResourcesBuildPhase section */
		66BF69AB1CFD2AE3004FEFF7 /* Resources */ = {
			isa = PBXResourcesBuildPhase;
			buildActionMask = 2147483647;
			files = (
				66BF69C01CFD2AE3004FEFF7 /* LaunchScreen.storyboard in Resources */,
				66BF69BD1CFD2AE3004FEFF7 /* Assets.xcassets in Resources */,
				66BF69BB1CFD2AE3004FEFF7 /* Main.storyboard in Resources */,
			);
			runOnlyForDeploymentPostprocessing = 0;
		};
		66BF69C41CFD2AE3004FEFF7 /* Resources */ = {
			isa = PBXResourcesBuildPhase;
			buildActionMask = 2147483647;
			files = (
			);
			runOnlyForDeploymentPostprocessing = 0;
		};
/* End PBXResourcesBuildPhase section */

/* Begin PBXShellScriptBuildPhase section */
		0B65F3FF512142F1F0D5A791 /* Copy Pods Resources */ = {
			isa = PBXShellScriptBuildPhase;
			buildActionMask = 2147483647;
			files = (
			);
			inputPaths = (
			);
			name = "Copy Pods Resources";
			outputPaths = (
			);
			runOnlyForDeploymentPostprocessing = 0;
			shellPath = /bin/sh;
			shellScript = "\"${SRCROOT}/Pods/Target Support Files/Pods-DownTube/Pods-DownTube-resources.sh\"\n";
			showEnvVarsInLog = 0;
		};
		62F4CCEBD002F0CE636FB4EF /* Check Pods Manifest.lock */ = {
			isa = PBXShellScriptBuildPhase;
			buildActionMask = 2147483647;
			files = (
			);
			inputPaths = (
			);
			name = "Check Pods Manifest.lock";
			outputPaths = (
			);
			runOnlyForDeploymentPostprocessing = 0;
			shellPath = /bin/sh;
			shellScript = "diff \"${PODS_ROOT}/../Podfile.lock\" \"${PODS_ROOT}/Manifest.lock\" > /dev/null\nif [[ $? != 0 ]] ; then\n    cat << EOM\nerror: The sandbox is not in sync with the Podfile.lock. Run 'pod install' or update your CocoaPods installation.\nEOM\n    exit 1\nfi\n";
			showEnvVarsInLog = 0;
		};
		660FDD8B1D0663C30015763F /* ShellScript */ = {
			isa = PBXShellScriptBuildPhase;
			buildActionMask = 2147483647;
			files = (
			);
			inputPaths = (
			);
			outputPaths = (
			);
			runOnlyForDeploymentPostprocessing = 0;
			shellPath = /bin/sh;
			shellScript = "\"${PODS_ROOT}/Fabric/run\" ddc2645d54ae392a8abd36a8dbbccb41fca3541d ec4418504bf66c40bfd19499c14e2f454e4ae3fa366b7699d1092e7ef7815f1b";
		};
		8B4AA6E3BA885B25C50B8D21 /* Embed Pods Frameworks */ = {
			isa = PBXShellScriptBuildPhase;
			buildActionMask = 2147483647;
			files = (
			);
			inputPaths = (
			);
			name = "Embed Pods Frameworks";
			outputPaths = (
			);
			runOnlyForDeploymentPostprocessing = 0;
			shellPath = /bin/sh;
			shellScript = "\"${SRCROOT}/Pods/Target Support Files/Pods-DownTube/Pods-DownTube-frameworks.sh\"\n";
			showEnvVarsInLog = 0;
		};
/* End PBXShellScriptBuildPhase section */

/* Begin PBXSourcesBuildPhase section */
		66BF69A91CFD2AE3004FEFF7 /* Sources */ = {
			isa = PBXSourcesBuildPhase;
			buildActionMask = 2147483647;
			files = (
				66424C5E1D05357F004C75B6 /* MasterViewController.swift in Sources */,
				66424C681D053684004C75B6 /* Download.swift in Sources */,
				66424C661D0535C1004C75B6 /* VideoTableViewCell.swift in Sources */,
				66BF69B11CFD2AE3004FEFF7 /* AppDelegate.swift in Sources */,
				66424C601D053591004C75B6 /* CoreDataController.swift in Sources */,
				66BF69B41CFD2AE3004FEFF7 /* DownTube.xcdatamodeld in Sources */,
				66424C621D0535B5004C75B6 /* Video.swift in Sources */,
				66424C641D0535BB004C75B6 /* Video+CoreDataProperties.swift in Sources */,
			);
			runOnlyForDeploymentPostprocessing = 0;
		};
		66BF69C21CFD2AE3004FEFF7 /* Sources */ = {
			isa = PBXSourcesBuildPhase;
			buildActionMask = 2147483647;
			files = (
				66BF69CB1CFD2AE3004FEFF7 /* DownTubeUITests.swift in Sources */,
			);
			runOnlyForDeploymentPostprocessing = 0;
		};
/* End PBXSourcesBuildPhase section */

/* Begin PBXTargetDependency section */
		66BF69C81CFD2AE3004FEFF7 /* PBXTargetDependency */ = {
			isa = PBXTargetDependency;
			target = 66BF69AC1CFD2AE3004FEFF7 /* DownTube */;
			targetProxy = 66BF69C71CFD2AE3004FEFF7 /* PBXContainerItemProxy */;
		};
/* End PBXTargetDependency section */

/* Begin PBXVariantGroup section */
		66BF69B91CFD2AE3004FEFF7 /* Main.storyboard */ = {
			isa = PBXVariantGroup;
			children = (
				66BF69BA1CFD2AE3004FEFF7 /* Base */,
			);
			name = Main.storyboard;
			sourceTree = "<group>";
		};
		66BF69BE1CFD2AE3004FEFF7 /* LaunchScreen.storyboard */ = {
			isa = PBXVariantGroup;
			children = (
				66BF69BF1CFD2AE3004FEFF7 /* Base */,
			);
			name = LaunchScreen.storyboard;
			sourceTree = "<group>";
		};
/* End PBXVariantGroup section */

/* Begin XCBuildConfiguration section */
		66BF69CD1CFD2AE3004FEFF7 /* Debug */ = {
			isa = XCBuildConfiguration;
			buildSettings = {
				ALWAYS_SEARCH_USER_PATHS = NO;
				CLANG_ANALYZER_NONNULL = YES;
				CLANG_CXX_LANGUAGE_STANDARD = "gnu++0x";
				CLANG_CXX_LIBRARY = "libc++";
				CLANG_ENABLE_MODULES = YES;
				CLANG_ENABLE_OBJC_ARC = YES;
				CLANG_WARN_BOOL_CONVERSION = YES;
				CLANG_WARN_CONSTANT_CONVERSION = YES;
				CLANG_WARN_DIRECT_OBJC_ISA_USAGE = YES_ERROR;
				CLANG_WARN_EMPTY_BODY = YES;
				CLANG_WARN_ENUM_CONVERSION = YES;
				CLANG_WARN_INT_CONVERSION = YES;
				CLANG_WARN_OBJC_ROOT_CLASS = YES_ERROR;
				CLANG_WARN_UNREACHABLE_CODE = YES;
				CLANG_WARN__DUPLICATE_METHOD_MATCH = YES;
				"CODE_SIGN_IDENTITY[sdk=iphoneos*]" = "iPhone Developer";
				COPY_PHASE_STRIP = NO;
				DEBUG_INFORMATION_FORMAT = dwarf;
				ENABLE_STRICT_OBJC_MSGSEND = YES;
				ENABLE_TESTABILITY = YES;
				GCC_C_LANGUAGE_STANDARD = gnu99;
				GCC_DYNAMIC_NO_PIC = NO;
				GCC_NO_COMMON_BLOCKS = YES;
				GCC_OPTIMIZATION_LEVEL = 0;
				GCC_PREPROCESSOR_DEFINITIONS = (
					"DEBUG=1",
					"$(inherited)",
				);
				GCC_WARN_64_TO_32_BIT_CONVERSION = YES;
				GCC_WARN_ABOUT_RETURN_TYPE = YES_ERROR;
				GCC_WARN_UNDECLARED_SELECTOR = YES;
				GCC_WARN_UNINITIALIZED_AUTOS = YES_AGGRESSIVE;
				GCC_WARN_UNUSED_FUNCTION = YES;
				GCC_WARN_UNUSED_VARIABLE = YES;
				IPHONEOS_DEPLOYMENT_TARGET = 9.3;
				MTL_ENABLE_DEBUG_INFO = YES;
				ONLY_ACTIVE_ARCH = YES;
				SDKROOT = iphoneos;
				SWIFT_OPTIMIZATION_LEVEL = "-Onone";
				TARGETED_DEVICE_FAMILY = "1,2";
			};
			name = Debug;
		};
		66BF69CE1CFD2AE3004FEFF7 /* Release */ = {
			isa = XCBuildConfiguration;
			buildSettings = {
				ALWAYS_SEARCH_USER_PATHS = NO;
				CLANG_ANALYZER_NONNULL = YES;
				CLANG_CXX_LANGUAGE_STANDARD = "gnu++0x";
				CLANG_CXX_LIBRARY = "libc++";
				CLANG_ENABLE_MODULES = YES;
				CLANG_ENABLE_OBJC_ARC = YES;
				CLANG_WARN_BOOL_CONVERSION = YES;
				CLANG_WARN_CONSTANT_CONVERSION = YES;
				CLANG_WARN_DIRECT_OBJC_ISA_USAGE = YES_ERROR;
				CLANG_WARN_EMPTY_BODY = YES;
				CLANG_WARN_ENUM_CONVERSION = YES;
				CLANG_WARN_INT_CONVERSION = YES;
				CLANG_WARN_OBJC_ROOT_CLASS = YES_ERROR;
				CLANG_WARN_UNREACHABLE_CODE = YES;
				CLANG_WARN__DUPLICATE_METHOD_MATCH = YES;
				"CODE_SIGN_IDENTITY[sdk=iphoneos*]" = "iPhone Developer";
				COPY_PHASE_STRIP = NO;
				DEBUG_INFORMATION_FORMAT = "dwarf-with-dsym";
				ENABLE_NS_ASSERTIONS = NO;
				ENABLE_STRICT_OBJC_MSGSEND = YES;
				GCC_C_LANGUAGE_STANDARD = gnu99;
				GCC_NO_COMMON_BLOCKS = YES;
				GCC_WARN_64_TO_32_BIT_CONVERSION = YES;
				GCC_WARN_ABOUT_RETURN_TYPE = YES_ERROR;
				GCC_WARN_UNDECLARED_SELECTOR = YES;
				GCC_WARN_UNINITIALIZED_AUTOS = YES_AGGRESSIVE;
				GCC_WARN_UNUSED_FUNCTION = YES;
				GCC_WARN_UNUSED_VARIABLE = YES;
				IPHONEOS_DEPLOYMENT_TARGET = 9.3;
				MTL_ENABLE_DEBUG_INFO = NO;
				SDKROOT = iphoneos;
				TARGETED_DEVICE_FAMILY = "1,2";
				VALIDATE_PRODUCT = YES;
			};
			name = Release;
		};
		66BF69D01CFD2AE3004FEFF7 /* Debug */ = {
			isa = XCBuildConfiguration;
			baseConfigurationReference = 8513753E4FDB75045216F0B1 /* Pods-DownTube.debug.xcconfig */;
			buildSettings = {
				ASSETCATALOG_COMPILER_APPICON_NAME = AppIcon;
				CODE_SIGN_IDENTITY = "iPhone Developer";
				DEBUG_INFORMATION_FORMAT = "dwarf-with-dsym";
				INFOPLIST_FILE = DownTube/Info.plist;
				LD_RUNPATH_SEARCH_PATHS = "$(inherited) @executable_path/Frameworks";
				PRODUCT_BUNDLE_IDENTIFIER = com.adam.DownTube;
				PRODUCT_NAME = "$(TARGET_NAME)";
			};
			name = Debug;
		};
		66BF69D11CFD2AE3004FEFF7 /* Release */ = {
			isa = XCBuildConfiguration;
			baseConfigurationReference = 2DB92BA1E38FAE17091FC36C /* Pods-DownTube.release.xcconfig */;
			buildSettings = {
				ASSETCATALOG_COMPILER_APPICON_NAME = AppIcon;
				CODE_SIGN_IDENTITY = "iPhone Developer";
				INFOPLIST_FILE = DownTube/Info.plist;
				LD_RUNPATH_SEARCH_PATHS = "$(inherited) @executable_path/Frameworks";
				PRODUCT_BUNDLE_IDENTIFIER = com.adam.DownTube;
				PRODUCT_NAME = "$(TARGET_NAME)";
			};
			name = Release;
		};
		66BF69D31CFD2AE3004FEFF7 /* Debug */ = {
			isa = XCBuildConfiguration;
			buildSettings = {
				DEBUG_INFORMATION_FORMAT = "dwarf-with-dsym";
				INFOPLIST_FILE = DownTubeUITests/Info.plist;
				LD_RUNPATH_SEARCH_PATHS = "$(inherited) @executable_path/Frameworks @loader_path/Frameworks";
				PRODUCT_BUNDLE_IDENTIFIER = com.adam.DownTubeUITests;
				PRODUCT_NAME = "$(TARGET_NAME)";
				TEST_TARGET_NAME = DownTube;
			};
			name = Debug;
		};
		66BF69D41CFD2AE3004FEFF7 /* Release */ = {
			isa = XCBuildConfiguration;
			buildSettings = {
				INFOPLIST_FILE = DownTubeUITests/Info.plist;
				LD_RUNPATH_SEARCH_PATHS = "$(inherited) @executable_path/Frameworks @loader_path/Frameworks";
				PRODUCT_BUNDLE_IDENTIFIER = com.adam.DownTubeUITests;
				PRODUCT_NAME = "$(TARGET_NAME)";
				TEST_TARGET_NAME = DownTube;
			};
			name = Release;
		};
/* End XCBuildConfiguration section */

/* Begin XCConfigurationList section */
		66BF69A81CFD2AE3004FEFF7 /* Build configuration list for PBXProject "DownTube" */ = {
			isa = XCConfigurationList;
			buildConfigurations = (
				66BF69CD1CFD2AE3004FEFF7 /* Debug */,
				66BF69CE1CFD2AE3004FEFF7 /* Release */,
			);
			defaultConfigurationIsVisible = 0;
			defaultConfigurationName = Release;
		};
		66BF69CF1CFD2AE3004FEFF7 /* Build configuration list for PBXNativeTarget "DownTube" */ = {
			isa = XCConfigurationList;
			buildConfigurations = (
				66BF69D01CFD2AE3004FEFF7 /* Debug */,
				66BF69D11CFD2AE3004FEFF7 /* Release */,
			);
			defaultConfigurationIsVisible = 0;
			defaultConfigurationName = Release;
		};
		66BF69D21CFD2AE3004FEFF7 /* Build configuration list for PBXNativeTarget "DownTubeUITests" */ = {
			isa = XCConfigurationList;
			buildConfigurations = (
				66BF69D31CFD2AE3004FEFF7 /* Debug */,
				66BF69D41CFD2AE3004FEFF7 /* Release */,
			);
			defaultConfigurationIsVisible = 0;
			defaultConfigurationName = Release;
		};
/* End XCConfigurationList section */

/* Begin XCVersionGroup section */
		66BF69B21CFD2AE3004FEFF7 /* DownTube.xcdatamodeld */ = {
			isa = XCVersionGroup;
			children = (
				66BF69B31CFD2AE3004FEFF7 /* DownTube.xcdatamodel */,
			);
			currentVersion = 66BF69B31CFD2AE3004FEFF7 /* DownTube.xcdatamodel */;
			path = DownTube.xcdatamodeld;
			sourceTree = "<group>";
			versionGroupType = wrapper.xcdatamodel;
		};
/* End XCVersionGroup section */
	};
	rootObject = 66BF69A51CFD2AE3004FEFF7 /* Project object */;
}
